
Microsoft Visual Studio Solution File, Format Version 12.00
Project("{FAE04EC0-301F-11D3-BF4B-00C04F79EFBC}") = "PixelPerfect", "PixelPerfect\PixelPerfect.csproj", "{DF8FE47F-13FD-486F-9AB2-7D7143F66509}"
EndProject
Global
	GlobalSection(SolutionConfigurationPlatforms) = preSolution
		Debug|Any CPU = Debug|Any CPU
		Release|Any CPU = Release|Any CPU
	EndGlobalSection
	GlobalSection(ProjectConfigurationPlatforms) = postSolution
		{DF8FE47F-13FD-486F-9AB2-7D7143F66509}.Debug|Any CPU.ActiveCfg = Debug|Any CPU
		{DF8FE47F-13FD-486F-9AB2-7D7143F66509}.Debug|Any CPU.Build.0 = Debug|Any CPU
		{DF8FE47F-13FD-486F-9AB2-7D7143F66509}.Release|Any CPU.ActiveCfg = Release|Any CPU
		{DF8FE47F-13FD-486F-9AB2-7D7143F66509}.Release|Any CPU.Build.0 = Release|Any CPU
	EndGlobalSection
EndGlobal
