{
  "version": 1,
  "dependencies": {
    "net7.0": {
      "DalamudPackager": {
        "type": "Direct",
        "requested": "[2.1.12, )",
        "resolved": "2.1.12",
        "contentHash": "Sc0PVxvgg4NQjcI8n10/VfUQBAS4O+Fw2pZrAqBdRMbthYGeogzu5+xmIGCGmsEZ/ukMOBuAqiNiB5qA3MRalg=="
      },
      "Newtonsoft.Json": {
        "type": "Direct",
        "requested": "[13.0.2, )",
        "resolved": "13.0.2",
        "contentHash": "R2pZ3B0UjeyHShm9vG+Tu0EBb2lC8b0dFzV9gVn50ofHXh9Smjk6kTn7A/FdAsC8B5cKib1OnGYOXxRBz5XQDg=="
      }
    }
  }
}